[[package]]
name = "external"
version = "0.0.1"
dependencies = [
 "libc 0.2.34 (registry+https://github.com/rust-lang/crates.io-index)",
]

[[package]]
name = "libc"
version = "0.2.34"
source = "registry+https://github.com/rust-lang/crates.io-index"

[[package]]
name = "protover"
version = "0.0.1"
dependencies = [
 "external 0.0.1",
 "libc 0.2.34 (registry+https://github.com/rust-lang/crates.io-index)",
 "smartlist 0.0.1",
 "tor_allocate 0.0.1",
 "tor_util 0.0.1",
]

[[package]]
name = "smartlist"
version = "0.0.1"
dependencies = [
 "libc 0.2.34 (registry+https://github.com/rust-lang/crates.io-index)",
]

[[package]]
name = "tor_allocate"
version = "0.0.1"
dependencies = [
 "libc 0.2.34 (registry+https://github.com/rust-lang/crates.io-index)",
]

[[package]]
name = "tor_rust"
version = "0.1.0"
dependencies = [
 "protover 0.0.1",
 "tor_util 0.0.1",
]

[[package]]
name = "tor_util"
version = "0.0.1"
dependencies = [
 "libc 0.2.34 (registry+https://github.com/rust-lang/crates.io-index)",
 "tor_allocate 0.0.1",
]

[metadata]
"checksum libc 0.2.34 (registry+https://github.com/rust-lang/crates.io-index)" = "36fbc8a8929c632868295d0178dd8f63fc423fd7537ad0738372bd010b3ac9b0"
